
Microsoft Visual Studio Solution File, Format Version 12.00
# Visual Studio Version 17
VisualStudioVersion = 17.11.35327.3
MinimumVisualStudioVersion = 10.0.40219.1
Project("{FAE04EC0-301F-11D3-BF4B-00C04F79EFBC}") = "Locadora de filmes", "Locadora de filmes\Locadora de filmes.csproj", "{FEDB61FA-24CD-4A6B-B6F4-202D6E431259}"
EndProject
Global
	GlobalSection(SolutionConfigurationPlatforms) = preSolution
		Debug|Any CPU = Debug|Any CPU
		Release|Any CPU = Release|Any CPU
	EndGlobalSection
	GlobalSection(ProjectConfigurationPlatforms) = postSolution
		{FEDB61FA-24CD-4A6B-B6F4-202D6E431259}.Debug|Any CPU.ActiveCfg = Debug|Any CPU
		{FEDB61FA-24CD-4A6B-B6F4-202D6E431259}.Debug|Any CPU.Build.0 = Debug|Any CPU
		{FEDB61FA-24CD-4A6B-B6F4-202D6E431259}.Release|Any CPU.ActiveCfg = Release|Any CPU
		{FEDB61FA-24CD-4A6B-B6F4-202D6E431259}.Release|Any CPU.Build.0 = Release|Any CPU
	EndGlobalSection
	GlobalSection(SolutionProperties) = preSolution
		HideSolutionNode = FALSE
	EndGlobalSection
	GlobalSection(ExtensibilityGlobals) = postSolution
		SolutionGuid = {D02B0CB1-CB4A-4CCE-9416-560FF7E91A5C}
	EndGlobalSection
EndGlobal
